// !$*UTF8*$!
{
	archiveVersion = 1;
	classes = {
	};
	objectVersion = 55;
	objects = {

/* Begin PBXBuildFile section */
		89803004576DEC615592CFA9 /* Pods_TestFramework.framework in Frameworks */ = {isa = PBXBuildFile; fileRef = AC98D619FF1BF7B52BEB07F8 /* Pods_TestFramework.framework */; };
		A8B9C6BD2785859600B758EF /* TestFramework.docc in Sources */ = {isa = PBXBuildFile; fileRef = A8B9C6BC2785859600B758EF /* TestFramework.docc */; };
		A8B9C6C32785859700B758EF /* TestFramework.framework in Frameworks */ = {isa = PBXBuildFile; fileRef = A8B9C6B82785859600B758EF /* TestFramework.framework */; };
		A8B9C6C82785859700B758EF /* TestFrameworkTests.m in Sources */ = {isa = PBXBuildFile; fileRef = A8B9C6C72785859700B758EF /* TestFrameworkTests.m */; };
		A8B9C6C92785859700B758EF /* TestFramework.h in Headers */ = {isa = PBXBuildFile; fileRef = A8B9C6BB2785859600B758EF /* TestFramework.h */; settings = {ATTRIBUTES = (Public, ); }; };
		A8B9C8392785917100B758EF /* safemobile_module.m in Sources */ = {isa = PBXBuildFile; fileRef = A8B9C8382785917100B758EF /* safemobile_module.m */; };
		A8FD68EB278D8ECC00D4B726 /* assets in Resources */ = {isa = PBXBuildFile; fileRef = A8FD68E9278D8ECC00D4B726 /* assets */; };
		A8FD68EC278D8ECC00D4B726 /* main.jsbundle in Resources */ = {isa = PBXBuildFile; fileRef = A8FD68EA278D8ECC00D4B726 /* main.jsbundle */; };
		A8FD68EE278D90D900D4B726 /* SafeMobileController.m in Sources */ = {isa = PBXBuildFile; fileRef = A8FD68ED278D90D900D4B726 /* SafeMobileController.m */; };
		A8FD68F0278D90ED00D4B726 /* SafeMobileController.h in Headers */ = {isa = PBXBuildFile; fileRef = A8FD68EF278D90ED00D4B726 /* SafeMobileController.h */; settings = {ATTRIBUTES = (Public, ); }; };
		FE0024EF2D57E810531AFA9C /* Pods_TestFramework_TestFrameworkTests.framework in Frameworks */ = {isa = PBXBuildFile; fileRef = 08DAEC7F6AF3AFEAD5E21664 /* Pods_TestFramework_TestFrameworkTests.framework */; };
/* End PBXBuildFile section */

/* Begin PBXContainerItemProxy section */
		A8B9C6C42785859700B758EF /* PBXContainerItemProxy */ = {
			isa = PBXContainerItemProxy;
			containerPortal = A8B9C6AF2785859600B758EF /* Project object */;
			proxyType = 1;
			remoteGlobalIDString = A8B9C6B72785859600B758EF;
			remoteInfo = TestFramework;
		};
/* End PBXContainerItemProxy section */

/* Begin PBXFileReference section */
		08DAEC7F6AF3AFEAD5E21664 /* Pods_TestFramework_TestFrameworkTests.framework */ = {isa = PBXFileReference; explicitFileType = wrapper.framework; includeInIndex = 0; path = Pods_TestFramework_TestFrameworkTests.framework; sourceTree = BUILT_PRODUCTS_DIR; };
		1743327D7D1F1BC2CA6D0246 /* Pods-TestFramework-TestFrameworkTests.release.xcconfig */ = {isa = PBXFileReference; includeInIndex = 1; lastKnownFileType = text.xcconfig; name = "Pods-TestFramework-TestFrameworkTests.release.xcconfig"; path = "Target Support Files/Pods-TestFramework-TestFrameworkTests/Pods-TestFramework-TestFrameworkTests.release.xcconfig"; sourceTree = "<group>"; };
		52A437B9000333AD10025EAF /* Pods-TestFramework-TestFrameworkTests.debug.xcconfig */ = {isa = PBXFileReference; includeInIndex = 1; lastKnownFileType = text.xcconfig; name = "Pods-TestFramework-TestFrameworkTests.debug.xcconfig"; path = "Target Support Files/Pods-TestFramework-TestFrameworkTests/Pods-TestFramework-TestFrameworkTests.debug.xcconfig"; sourceTree = "<group>"; };
		A8B9C6B82785859600B758EF /* TestFramework.framework */ = {isa = PBXFileReference; explicitFileType = wrapper.framework; includeInIndex = 0; path = TestFramework.framework; sourceTree = BUILT_PRODUCTS_DIR; };
		A8B9C6BB2785859600B758EF /* TestFramework.h */ = {isa = PBXFileReference; lastKnownFileType = sourcecode.c.h; path = TestFramework.h; sourceTree = "<group>"; };
		A8B9C6BC2785859600B758EF /* TestFramework.docc */ = {isa = PBXFileReference; lastKnownFileType = folder.documentationcatalog; path = TestFramework.docc; sourceTree = "<group>"; };
		A8B9C6C22785859700B758EF /* TestFrameworkTests.xctest */ = {isa = PBXFileReference; explicitFileType = wrapper.cfbundle; includeInIndex = 0; path = TestFrameworkTests.xctest; sourceTree = BUILT_PRODUCTS_DIR; };
		A8B9C6C72785859700B758EF /* TestFrameworkTests.m */ = {isa = PBXFileReference; lastKnownFileType = sourcecode.c.objc; path = TestFrameworkTests.m; sourceTree = "<group>"; };
		A8B9C8382785917100B758EF /* safemobile_module.m */ = {isa = PBXFileReference; fileEncoding = 4; lastKnownFileType = sourcecode.c.objc; path = safemobile_module.m; sourceTree = "<group>"; };
		A8FD68E9278D8ECC00D4B726 /* assets */ = {isa = PBXFileReference; lastKnownFileType = folder; path = assets; sourceTree = "<group>"; };
		A8FD68EA278D8ECC00D4B726 /* main.jsbundle */ = {isa = PBXFileReference; fileEncoding = 4; lastKnownFileType = text; path = main.jsbundle; sourceTree = "<group>"; };
		A8FD68ED278D90D900D4B726 /* SafeMobileController.m */ = {isa = PBXFileReference; lastKnownFileType = sourcecode.c.objc; path = SafeMobileController.m; sourceTree = "<group>"; };
		A8FD68EF278D90ED00D4B726 /* SafeMobileController.h */ = {isa = PBXFileReference; lastKnownFileType = sourcecode.c.h; path = SafeMobileController.h; sourceTree = "<group>"; };
		ABD5894431B031049FBEA52D /* Pods-TestFramework.debug.xcconfig */ = {isa = PBXFileReference; includeInIndex = 1; lastKnownFileType = text.xcconfig; name = "Pods-TestFramework.debug.xcconfig"; path = "Target Support Files/Pods-TestFramework/Pods-TestFramework.debug.xcconfig"; sourceTree = "<group>"; };
		AC98D619FF1BF7B52BEB07F8 /* Pods_TestFramework.framework */ = {isa = PBXFileReference; explicitFileType = wrapper.framework; includeInIndex = 0; path = Pods_TestFramework.framework; sourceTree = BUILT_PRODUCTS_DIR; };
		C2DC8B9652D4BC45B7CE539E /* Pods-TestFramework.release.xcconfig */ = {isa = PBXFileReference; includeInIndex = 1; lastKnownFileType = text.xcconfig; name = "Pods-TestFramework.release.xcconfig"; path = "Target Support Files/Pods-TestFramework/Pods-TestFramework.release.xcconfig"; sourceTree = "<group>"; };
/* End PBXFileReference section */

/* Begin PBXFrameworksBuildPhase section */
		A8B9C6B52785859600B758EF /* Frameworks */ = {
			isa = PBXFrameworksBuildPhase;
			buildActionMask = 2147483647;
			files = (
				89803004576DEC615592CFA9 /* Pods_TestFramework.framework in Frameworks */,
			);
			runOnlyForDeploymentPostprocessing = 0;
		};
		A8B9C6BF2785859700B758EF /* Frameworks */ = {
			isa = PBXFrameworksBuildPhase;
			buildActionMask = 2147483647;
			files = (
				A8B9C6C32785859700B758EF /* TestFramework.framework in Frameworks */,
				FE0024EF2D57E810531AFA9C /* Pods_TestFramework_TestFrameworkTests.framework in Frameworks */,
			);
			runOnlyForDeploymentPostprocessing = 0;
		};
/* End PBXFrameworksBuildPhase section */

/* Begin PBXGroup section */
		2944A9BF708A06648D4CF9CE /* Pods */ = {
			isa = PBXGroup;
			children = (
				ABD5894431B031049FBEA52D /* Pods-TestFramework.debug.xcconfig */,
				C2DC8B9652D4BC45B7CE539E /* Pods-TestFramework.release.xcconfig */,
				52A437B9000333AD10025EAF /* Pods-TestFramework-TestFrameworkTests.debug.xcconfig */,
				1743327D7D1F1BC2CA6D0246 /* Pods-TestFramework-TestFrameworkTests.release.xcconfig */,
			);
			path = Pods;
			sourceTree = "<group>";
		};
		A8B9C6AE2785859600B758EF = {
			isa = PBXGroup;
			children = (
				A8B9C6BA2785859600B758EF /* TestFramework */,
				A8B9C6C62785859700B758EF /* TestFrameworkTests */,
				A8B9C6B92785859600B758EF /* Products */,
				2944A9BF708A06648D4CF9CE /* Pods */,
				FF8A1D3DB6877DE2A8AA0C3A /* Frameworks */,
			);
			sourceTree = "<group>";
		};
		A8B9C6B92785859600B758EF /* Products */ = {
			isa = PBXGroup;
			children = (
				A8B9C6B82785859600B758EF /* TestFramework.framework */,
				A8B9C6C22785859700B758EF /* TestFrameworkTests.xctest */,
			);
			name = Products;
			sourceTree = "<group>";
		};
		A8B9C6BA2785859600B758EF /* TestFramework */ = {
			isa = PBXGroup;
			children = (
				A8FD68E9278D8ECC00D4B726 /* assets */,
				A8FD68EA278D8ECC00D4B726 /* main.jsbundle */,
				A8B9C6BB2785859600B758EF /* TestFramework.h */,
				A8B9C8382785917100B758EF /* safemobile_module.m */,
				A8B9C6BC2785859600B758EF /* TestFramework.docc */,
				A8FD68ED278D90D900D4B726 /* SafeMobileController.m */,
				A8FD68EF278D90ED00D4B726 /* SafeMobileController.h */,
			);
			path = TestFramework;
			sourceTree = "<group>";
		};
		A8B9C6C62785859700B758EF /* TestFrameworkTests */ = {
			isa = PBXGroup;
			children = (
				A8B9C6C72785859700B758EF /* TestFrameworkTests.m */,
			);
			path = TestFrameworkTests;
			sourceTree = "<group>";
		};
		FF8A1D3DB6877DE2A8AA0C3A /* Frameworks */ = {
			isa = PBXGroup;
			children = (
				AC98D619FF1BF7B52BEB07F8 /* Pods_TestFramework.framework */,
				08DAEC7F6AF3AFEAD5E21664 /* Pods_TestFramework_TestFrameworkTests.framework */,
			);
			name = Frameworks;
			sourceTree = "<group>";
		};
/* End PBXGroup section */

/* Begin PBXHeadersBuildPhase section */
		A8B9C6B32785859600B758EF /* Headers */ = {
			isa = PBXHeadersBuildPhase;
			buildActionMask = 2147483647;
			files = (
				A8B9C6C92785859700B758EF /* TestFramework.h in Headers */,
				A8FD68F0278D90ED00D4B726 /* SafeMobileController.h in Headers */,
			);
			runOnlyForDeploymentPostprocessing = 0;
		};
/* End PBXHeadersBuildPhase section */

/* Begin PBXNativeTarget section */
		A8B9C6B72785859600B758EF /* TestFramework */ = {
			isa = PBXNativeTarget;
			buildConfigurationList = A8B9C6CC2785859700B758EF /* Build configuration list for PBXNativeTarget "TestFramework" */;
			buildPhases = (
				923EB26DE0338EB2AF8D6FBE /* [CP] Check Pods Manifest.lock */,
				A8B9C6B32785859600B758EF /* Headers */,
				A8B9C6B42785859600B758EF /* Sources */,
				A8B9C6B52785859600B758EF /* Frameworks */,
				A8B9C6B62785859600B758EF /* Resources */,
			);
			buildRules = (
			);
			dependencies = (
			);
			name = TestFramework;
			productName = TestFramework;
			productReference = A8B9C6B82785859600B758EF /* TestFramework.framework */;
			productType = "com.apple.product-type.framework";
		};
		A8B9C6C12785859700B758EF /* TestFrameworkTests */ = {
			isa = PBXNativeTarget;
			buildConfigurationList = A8B9C6CF2785859700B758EF /* Build configuration list for PBXNativeTarget "TestFrameworkTests" */;
			buildPhases = (
				BECE217AAA56F9074453C6E2 /* [CP] Check Pods Manifest.lock */,
				A8B9C6BE2785859700B758EF /* Sources */,
				A8B9C6BF2785859700B758EF /* Frameworks */,
				A8B9C6C02785859700B758EF /* Resources */,
				990B652E380B90001624237E /* [CP] Embed Pods Frameworks */,
			);
			buildRules = (
			);
			dependencies = (
				A8B9C6C52785859700B758EF /* PBXTargetDependency */,
			);
			name = TestFrameworkTests;
			productName = TestFrameworkTests;
			productReference = A8B9C6C22785859700B758EF /* TestFrameworkTests.xctest */;
			productType = "com.apple.product-type.bundle.unit-test";
		};
/* End PBXNativeTarget section */

/* Begin PBXProject section */
		A8B9C6AF2785859600B758EF /* Project object */ = {
			isa = PBXProject;
			attributes = {
				BuildIndependentTargetsInParallel = 1;
				LastUpgradeCheck = 1320;
				TargetAttributes = {
					A8B9C6B72785859600B758EF = {
						CreatedOnToolsVersion = 13.2.1;
					};
					A8B9C6C12785859700B758EF = {
						CreatedOnToolsVersion = 13.2.1;
					};
				};
			};
			buildConfigurationList = A8B9C6B22785859600B758EF /* Build configuration list for PBXProject "TestFramework" */;
			compatibilityVersion = "Xcode 13.0";
			developmentRegion = en;
			hasScannedForEncodings = 0;
			knownRegions = (
				en,
				Base,
			);
			mainGroup = A8B9C6AE2785859600B758EF;
			productRefGroup = A8B9C6B92785859600B758EF /* Products */;
			projectDirPath = "";
			projectRoot = "";
			targets = (
				A8B9C6B72785859600B758EF /* TestFramework */,
				A8B9C6C12785859700B758EF /* TestFrameworkTests */,
			);
		};
/* End PBXProject section */

/* Begin PBXResourcesBuildPhase section */
		A8B9C6B62785859600B758EF /* Resources */ = {
			isa = PBXResourcesBuildPhase;
			buildActionMask = 2147483647;
			files = (
				A8FD68EB278D8ECC00D4B726 /* assets in Resources */,
				A8FD68EC278D8ECC00D4B726 /* main.jsbundle in Resources */,
			);
			runOnlyForDeploymentPostprocessing = 0;
		};
		A8B9C6C02785859700B758EF /* Resources */ = {
			isa = PBXResourcesBuildPhase;
			buildActionMask = 2147483647;
			files = (
			);
			runOnlyForDeploymentPostprocessing = 0;
		};
/* End PBXResourcesBuildPhase section */

/* Begin PBXShellScriptBuildPhase section */
		923EB26DE0338EB2AF8D6FBE /* [CP] Check Pods Manifest.lock */ = {
			isa = PBXShellScriptBuildPhase;
			buildActionMask = 2147483647;
			files = (
			);
			inputFileListPaths = (
			);
			inputPaths = (
				"${PODS_PODFILE_DIR_PATH}/Podfile.lock",
				"${PODS_ROOT}/Manifest.lock",
			);
			name = "[CP] Check Pods Manifest.lock";
			outputFileListPaths = (
			);
			outputPaths = (
				"$(DERIVED_FILE_DIR)/Pods-TestFramework-checkManifestLockResult.txt",
			);
			runOnlyForDeploymentPostprocessing = 0;
			shellPath = /bin/sh;
			shellScript = "diff \"${PODS_PODFILE_DIR_PATH}/Podfile.lock\" \"${PODS_ROOT}/Manifest.lock\" > /dev/null\nif [ $? != 0 ] ; then\n    # print error to STDERR\n    echo \"error: The sandbox is not in sync with the Podfile.lock. Run 'pod install' or update your CocoaPods installation.\" >&2\n    exit 1\nfi\n# This output is used by Xcode 'outputs' to avoid re-running this script phase.\necho \"SUCCESS\" > \"${SCRIPT_OUTPUT_FILE_0}\"\n";
			showEnvVarsInLog = 0;
		};
		990B652E380B90001624237E /* [CP] Embed Pods Frameworks */ = {
			isa = PBXShellScriptBuildPhase;
			buildActionMask = 2147483647;
			files = (
			);
			inputFileListPaths = (
				"${PODS_ROOT}/Target Support Files/Pods-TestFramework-TestFrameworkTests/Pods-TestFramework-TestFrameworkTests-frameworks-${CONFIGURATION}-input-files.xcfilelist",
			);
			name = "[CP] Embed Pods Frameworks";
			outputFileListPaths = (
				"${PODS_ROOT}/Target Support Files/Pods-TestFramework-TestFrameworkTests/Pods-TestFramework-TestFrameworkTests-frameworks-${CONFIGURATION}-output-files.xcfilelist",
			);
			runOnlyForDeploymentPostprocessing = 0;
			shellPath = /bin/sh;
			shellScript = "\"${PODS_ROOT}/Target Support Files/Pods-TestFramework-TestFrameworkTests/Pods-TestFramework-TestFrameworkTests-frameworks.sh\"\n";
			showEnvVarsInLog = 0;
		};
		BECE217AAA56F9074453C6E2 /* [CP] Check Pods Manifest.lock */ = {
			isa = PBXShellScriptBuildPhase;
			buildActionMask = 2147483647;
			files = (
			);
			inputFileListPaths = (
			);
			inputPaths = (
				"${PODS_PODFILE_DIR_PATH}/Podfile.lock",
				"${PODS_ROOT}/Manifest.lock",
			);
			name = "[CP] Check Pods Manifest.lock";
			outputFileListPaths = (
			);
			outputPaths = (
				"$(DERIVED_FILE_DIR)/Pods-TestFramework-TestFrameworkTests-checkManifestLockResult.txt",
			);
			runOnlyForDeploymentPostprocessing = 0;
			shellPath = /bin/sh;
			shellScript = "diff \"${PODS_PODFILE_DIR_PATH}/Podfile.lock\" \"${PODS_ROOT}/Manifest.lock\" > /dev/null\nif [ $? != 0 ] ; then\n    # print error to STDERR\n    echo \"error: The sandbox is not in sync with the Podfile.lock. Run 'pod install' or update your CocoaPods installation.\" >&2\n    exit 1\nfi\n# This output is used by Xcode 'outputs' to avoid re-running this script phase.\necho \"SUCCESS\" > \"${SCRIPT_OUTPUT_FILE_0}\"\n";
			showEnvVarsInLog = 0;
		};
/* End PBXShellScriptBuildPhase section */

/* Begin PBXSourcesBuildPhase section */
		A8B9C6B42785859600B758EF /* Sources */ = {
			isa = PBXSourcesBuildPhase;
			buildActionMask = 2147483647;
			files = (
				A8FD68EE278D90D900D4B726 /* SafeMobileController.m in Sources */,
				A8B9C8392785917100B758EF /* safemobile_module.m in Sources */,
				A8B9C6BD2785859600B758EF /* TestFramework.docc in Sources */,
			);
			runOnlyForDeploymentPostprocessing = 0;
		};
		A8B9C6BE2785859700B758EF /* Sources */ = {
			isa = PBXSourcesBuildPhase;
			buildActionMask = 2147483647;
			files = (
				A8B9C6C82785859700B758EF /* TestFrameworkTests.m in Sources */,
			);
			runOnlyForDeploymentPostprocessing = 0;
		};
/* End PBXSourcesBuildPhase section */

/* Begin PBXTargetDependency section */
		A8B9C6C52785859700B758EF /* PBXTargetDependency */ = {
			isa = PBXTargetDependency;
			target = A8B9C6B72785859600B758EF /* TestFramework */;
			targetProxy = A8B9C6C42785859700B758EF /* PBXContainerItemProxy */;
		};
/* End PBXTargetDependency section */

/* Begin XCBuildConfiguration section */
		A8B9C6CA2785859700B758EF /* Debug */ = {
			isa = XCBuildConfiguration;
			buildSettings = {
				ALWAYS_SEARCH_USER_PATHS = NO;
				CLANG_ANALYZER_NONNULL = YES;
				CLANG_ANALYZER_NUMBER_OBJECT_CONVERSION = YES_AGGRESSIVE;
				CLANG_CXX_LANGUAGE_STANDARD = "gnu++17";
				CLANG_CXX_LIBRARY = "libc++";
				CLANG_ENABLE_MODULES = YES;
				CLANG_ENABLE_OBJC_ARC = YES;
				CLANG_ENABLE_OBJC_WEAK = YES;
				CLANG_WARN_BLOCK_CAPTURE_AUTORELEASING = YES;
				CLANG_WARN_BOOL_CONVERSION = YES;
				CLANG_WARN_COMMA = YES;
				CLANG_WARN_CONSTANT_CONVERSION = YES;
				CLANG_WARN_DEPRECATED_OBJC_IMPLEMENTATIONS = YES;
				CLANG_WARN_DIRECT_OBJC_ISA_USAGE = YES_ERROR;
				CLANG_WARN_DOCUMENTATION_COMMENTS = YES;
				CLANG_WARN_EMPTY_BODY = YES;
				CLANG_WARN_ENUM_CONVERSION = YES;
				CLANG_WARN_INFINITE_RECURSION = YES;
				CLANG_WARN_INT_CONVERSION = YES;
				CLANG_WARN_NON_LITERAL_NULL_CONVERSION = YES;
				CLANG_WARN_OBJC_IMPLICIT_RETAIN_SELF = YES;
				CLANG_WARN_OBJC_LITERAL_CONVERSION = YES;
				CLANG_WARN_OBJC_ROOT_CLASS = YES_ERROR;
				CLANG_WARN_QUOTED_INCLUDE_IN_FRAMEWORK_HEADER = YES;
				CLANG_WARN_RANGE_LOOP_ANALYSIS = YES;
				CLANG_WARN_STRICT_PROTOTYPES = YES;
				CLANG_WARN_SUSPICIOUS_MOVE = YES;
				CLANG_WARN_UNGUARDED_AVAILABILITY = YES_AGGRESSIVE;
				CLANG_WARN_UNREACHABLE_CODE = YES;
				CLANG_WARN__DUPLICATE_METHOD_MATCH = YES;
				COPY_PHASE_STRIP = NO;
				CURRENT_PROJECT_VERSION = 1;
				DEBUG_INFORMATION_FORMAT = dwarf;
				ENABLE_STRICT_OBJC_MSGSEND = YES;
				ENABLE_TESTABILITY = YES;
				"EXCLUDED_ARCHS[sdk=iphonesimulator*]" = "arm64 ";
				GCC_C_LANGUAGE_STANDARD = gnu11;
				GCC_DYNAMIC_NO_PIC = NO;
				GCC_NO_COMMON_BLOCKS = YES;
				GCC_OPTIMIZATION_LEVEL = 0;
				GCC_PREPROCESSOR_DEFINITIONS = (
					"DEBUG=1",
					"$(inherited)",
				);
				GCC_WARN_64_TO_32_BIT_CONVERSION = YES;
				GCC_WARN_ABOUT_RETURN_TYPE = YES_ERROR;
				GCC_WARN_UNDECLARED_SELECTOR = YES;
				GCC_WARN_UNINITIALIZED_AUTOS = YES_AGGRESSIVE;
				GCC_WARN_UNUSED_FUNCTION = YES;
				GCC_WARN_UNUSED_VARIABLE = YES;
				IPHONEOS_DEPLOYMENT_TARGET = 15.2;
				MTL_ENABLE_DEBUG_INFO = INCLUDE_SOURCE;
				MTL_FAST_MATH = YES;
				ONLY_ACTIVE_ARCH = YES;
				SDKROOT = iphoneos;
				VERSIONING_SYSTEM = "apple-generic";
				VERSION_INFO_PREFIX = "";
			};
			name = Debug;
		};
		A8B9C6CB2785859700B758EF /* Release */ = {
			isa = XCBuildConfiguration;
			buildSettings = {
				ALWAYS_SEARCH_USER_PATHS = NO;
				CLANG_ANALYZER_NONNULL = YES;
				CLANG_ANALYZER_NUMBER_OBJECT_CONVERSION = YES_AGGRESSIVE;
				CLANG_CXX_LANGUAGE_STANDARD = "gnu++17";
				CLANG_CXX_LIBRARY = "libc++";
				CLANG_ENABLE_MODULES = YES;
				CLANG_ENABLE_OBJC_ARC = YES;
				CLANG_ENABLE_OBJC_WEAK = YES;
				CLANG_WARN_BLOCK_CAPTURE_AUTORELEASING = YES;
				CLANG_WARN_BOOL_CONVERSION = YES;
				CLANG_WARN_COMMA = YES;
				CLANG_WARN_CONSTANT_CONVERSION = YES;
				CLANG_WARN_DEPRECATED_OBJC_IMPLEMENTATIONS = YES;
				CLANG_WARN_DIRECT_OBJC_ISA_USAGE = YES_ERROR;
				CLANG_WARN_DOCUMENTATION_COMMENTS = YES;
				CLANG_WARN_EMPTY_BODY = YES;
				CLANG_WARN_ENUM_CONVERSION = YES;
				CLANG_WARN_INFINITE_RECURSION = YES;
				CLANG_WARN_INT_CONVERSION = YES;
				CLANG_WARN_NON_LITERAL_NULL_CONVERSION = YES;
				CLANG_WARN_OBJC_IMPLICIT_RETAIN_SELF = YES;
				CLANG_WARN_OBJC_LITERAL_CONVERSION = YES;
				CLANG_WARN_OBJC_ROOT_CLASS = YES_ERROR;
				CLANG_WARN_QUOTED_INCLUDE_IN_FRAMEWORK_HEADER = YES;
				CLANG_WARN_RANGE_LOOP_ANALYSIS = YES;
				CLANG_WARN_STRICT_PROTOTYPES = YES;
				CLANG_WARN_SUSPICIOUS_MOVE = YES;
				CLANG_WARN_UNGUARDED_AVAILABILITY = YES_AGGRESSIVE;
				CLANG_WARN_UNREACHABLE_CODE = YES;
				CLANG_WARN__DUPLICATE_METHOD_MATCH = YES;
				COPY_PHASE_STRIP = NO;
				CURRENT_PROJECT_VERSION = 1;
				DEBUG_INFORMATION_FORMAT = "dwarf-with-dsym";
				ENABLE_NS_ASSERTIONS = NO;
				ENABLE_STRICT_OBJC_MSGSEND = YES;
				"EXCLUDED_ARCHS[sdk=iphonesimulator*]" = "arm64 ";
				GCC_C_LANGUAGE_STANDARD = gnu11;
				GCC_NO_COMMON_BLOCKS = YES;
				GCC_WARN_64_TO_32_BIT_CONVERSION = YES;
				GCC_WARN_ABOUT_RETURN_TYPE = YES_ERROR;
				GCC_WARN_UNDECLARED_SELECTOR = YES;
				GCC_WARN_UNINITIALIZED_AUTOS = YES_AGGRESSIVE;
				GCC_WARN_UNUSED_FUNCTION = YES;
				GCC_WARN_UNUSED_VARIABLE = YES;
				IPHONEOS_DEPLOYMENT_TARGET = 15.2;
				MTL_ENABLE_DEBUG_INFO = NO;
				MTL_FAST_MATH = YES;
				SDKROOT = iphoneos;
				VALIDATE_PRODUCT = YES;
				VERSIONING_SYSTEM = "apple-generic";
				VERSION_INFO_PREFIX = "";
			};
			name = Release;
		};
		A8B9C6CD2785859700B758EF /* Debug */ = {
			isa = XCBuildConfiguration;
			baseConfigurationReference = ABD5894431B031049FBEA52D /* Pods-TestFramework.debug.xcconfig */;
			buildSettings = {
				BUILD_LIBRARY_FOR_DISTRIBUTION = YES;
				CODE_SIGN_STYLE = Automatic;
				CURRENT_PROJECT_VERSION = 1;
				DEFINES_MODULE = YES;
				DEVELOPMENT_TEAM = 8BNJQH3HVX;
				DYLIB_COMPATIBILITY_VERSION = 1;
				DYLIB_CURRENT_VERSION = 1;
				DYLIB_INSTALL_NAME_BASE = "@rpath";
				"EXCLUDED_ARCHS[sdk=iphonesimulator*]" = arm64;
				GENERATE_INFOPLIST_FILE = YES;
				INFOPLIST_KEY_NSHumanReadableCopyright = "";
				INSTALL_PATH = "$(LOCAL_LIBRARY_DIR)/Frameworks";
				IPHONEOS_DEPLOYMENT_TARGET = 11.0;
				LD_RUNPATH_SEARCH_PATHS = (
					"$(inherited)",
					"@executable_path/Frameworks",
					"@loader_path/Frameworks",
				);
				MARKETING_VERSION = 1.0;
				PRODUCT_BUNDLE_IDENTIFIER = com.cyradar.TestFramework;
				PRODUCT_NAME = "$(TARGET_NAME:c99extidentifier)";
				SKIP_INSTALL = YES;
				SUPPORTS_MACCATALYST = NO;
				SWIFT_EMIT_LOC_STRINGS = YES;
				TARGETED_DEVICE_FAMILY = "1,2";
			};
			name = Debug;
		};
		A8B9C6CE2785859700B758EF /* Release */ = {
			isa = XCBuildConfiguration;
			baseConfigurationReference = C2DC8B9652D4BC45B7CE539E /* Pods-TestFramework.release.xcconfig */;
			buildSettings = {
				BUILD_LIBRARY_FOR_DISTRIBUTION = YES;
				CODE_SIGN_STYLE = Automatic;
				CURRENT_PROJECT_VERSION = 1;
				DEFINES_MODULE = YES;
				DEVELOPMENT_TEAM = 8BNJQH3HVX;
				DYLIB_COMPATIBILITY_VERSION = 1;
				DYLIB_CURRENT_VERSION = 1;
				DYLIB_INSTALL_NAME_BASE = "@rpath";
				"EXCLUDED_ARCHS[sdk=iphonesimulator*]" = arm64;
				GENERATE_INFOPLIST_FILE = YES;
				INFOPLIST_KEY_NSHumanReadableCopyright = "";
				INSTALL_PATH = "$(LOCAL_LIBRARY_DIR)/Frameworks";
				IPHONEOS_DEPLOYMENT_TARGET = 11.0;
				LD_RUNPATH_SEARCH_PATHS = (
					"$(inherited)",
					"@executable_path/Frameworks",
					"@loader_path/Frameworks",
				);
				MARKETING_VERSION = 1.0;
				PRODUCT_BUNDLE_IDENTIFIER = com.cyradar.TestFramework;
				PRODUCT_NAME = "$(TARGET_NAME:c99extidentifier)";
				SKIP_INSTALL = YES;
				SUPPORTS_MACCATALYST = NO;
				SWIFT_EMIT_LOC_STRINGS = YES;
				TARGETED_DEVICE_FAMILY = "1,2";
			};
			name = Release;
		};
		A8B9C6D02785859700B758EF /* Debug */ = {
			isa = XCBuildConfiguration;
			baseConfigurationReference = 52A437B9000333AD10025EAF /* Pods-TestFramework-TestFrameworkTests.debug.xcconfig */;
			buildSettings = {
				CODE_SIGN_STYLE = Automatic;
				CURRENT_PROJECT_VERSION = 1;
				DEVELOPMENT_TEAM = 8BNJQH3HVX;
				GENERATE_INFOPLIST_FILE = YES;
				MARKETING_VERSION = 1.0;
				PRODUCT_BUNDLE_IDENTIFIER = com.cyradar.TestFrameworkTests;
				PRODUCT_NAME = "$(TARGET_NAME)";
				SWIFT_EMIT_LOC_STRINGS = NO;
				TARGETED_DEVICE_FAMILY = "1,2";
			};
			name = Debug;
		};
		A8B9C6D12785859700B758EF /* Release */ = {
			isa = XCBuildConfiguration;
			baseConfigurationReference = 1743327D7D1F1BC2CA6D0246 /* Pods-TestFramework-TestFrameworkTests.release.xcconfig */;
			buildSettings = {
				CODE_SIGN_STYLE = Automatic;
				CURRENT_PROJECT_VERSION = 1;
				DEVELOPMENT_TEAM = 8BNJQH3HVX;
				GENERATE_INFOPLIST_FILE = YES;
				MARKETING_VERSION = 1.0;
				PRODUCT_BUNDLE_IDENTIFIER = com.cyradar.TestFrameworkTests;
				PRODUCT_NAME = "$(TARGET_NAME)";
				SWIFT_EMIT_LOC_STRINGS = NO;
				TARGETED_DEVICE_FAMILY = "1,2";
			};
			name = Release;
		};
/* End XCBuildConfiguration section */

/* Begin XCConfigurationList section */
		A8B9C6B22785859600B758EF /* Build configuration list for PBXProject "TestFramework" */ = {
			isa = XCConfigurationList;
			buildConfigurations = (
				A8B9C6CA2785859700B758EF /* Debug */,
				A8B9C6CB2785859700B758EF /* Release */,
			);
			defaultConfigurationIsVisible = 0;
			defaultConfigurationName = Release;
		};
		A8B9C6CC2785859700B758EF /* Build configuration list for PBXNativeTarget "TestFramework" */ = {
			isa = XCConfigurationList;
			buildConfigurations = (
				A8B9C6CD2785859700B758EF /* Debug */,
				A8B9C6CE2785859700B758EF /* Release */,
			);
			defaultConfigurationIsVisible = 0;
			defaultConfigurationName = Release;
		};
		A8B9C6CF2785859700B758EF /* Build configuration list for PBXNativeTarget "TestFrameworkTests" */ = {
			isa = XCConfigurationList;
			buildConfigurations = (
				A8B9C6D02785859700B758EF /* Debug */,
				A8B9C6D12785859700B758EF /* Release */,
			);
			defaultConfigurationIsVisible = 0;
			defaultConfigurationName = Release;
		};
/* End XCConfigurationList section */
	};
	rootObject = A8B9C6AF2785859600B758EF /* Project object */;
}
