PODS:
  - MMKV (1.2.11):
    - MMKVCore (~> 1.2.11)
  - MMKVCore (1.2.11)

DEPENDENCIES:
  - MMKV

SPEC REPOS:
  trunk:
    - MMKV
    - MMKVCore

SPEC CHECKSUMS:
  MMKV: 217b643c181c3d2f71983206ca1972d0a6e99881
  MMKVCore: f9e4f56742fdebbd042f7a273e278927f182cee7

PODFILE CHECKSUM: 5a2db5d6ab95950172ed98bd26dc4f6de5231794

COCOAPODS: 1.11.2
